
Microsoft Visual Studio Solution File, Format Version 12.00
# Visual Studio Version 17
VisualStudioVersion = 17.7.34024.191
MinimumVisualStudioVersion = 10.0.40219.1
Project("{FAE04EC0-301F-11D3-BF4B-00C04F79EFBC}") = "Ishita 17ConsoleApp1", "Ishita 17ConsoleApp1\Ishita 17ConsoleApp1.csproj", "{2495BCD1-555C-4830-B737-C1DB33015056}"
EndProject
Global
	GlobalSection(SolutionConfigurationPlatforms) = preSolution
		Debug|Any CPU = Debug|Any CPU
		Release|Any CPU = Release|Any CPU
	EndGlobalSection
	GlobalSection(ProjectConfigurationPlatforms) = postSolution
		{2495BCD1-555C-4830-B737-C1DB33015056}.Debug|Any CPU.ActiveCfg = Debug|Any CPU
		{2495BCD1-555C-4830-B737-C1DB33015056}.Debug|Any CPU.Build.0 = Debug|Any CPU
		{2495BCD1-555C-4830-B737-C1DB33015056}.Release|Any CPU.ActiveCfg = Release|Any CPU
		{2495BCD1-555C-4830-B737-C1DB33015056}.Release|Any CPU.Build.0 = Release|Any CPU
	EndGlobalSection
	GlobalSection(SolutionProperties) = preSolution
		HideSolutionNode = FALSE
	EndGlobalSection
	GlobalSection(ExtensibilityGlobals) = postSolution
		SolutionGuid = {61704F94-B170-4308-A4F9-E532E92FE574}
	EndGlobalSection
EndGlobal
